
Microsoft Visual Studio Solution File, Format Version 12.00
# Visual Studio 2017
Project("{FAE04EC0-301F-11D3-BF4B-00C04F79EFBC}") = "StreetMagic", "StreetMagic.csproj", "{AA45ADBF-D8E9-722E-0582-B6A8D19ABF8B}"
EndProject
Project("{FAE04EC0-301F-11D3-BF4B-00C04F79EFBC}") = "StreetMagic.Editor", "StreetMagic.Editor.csproj", "{1178D2E8-6929-477B-B6B0-A9F975FFC270}"
EndProject
Global
	GlobalSection(SolutionConfigurationPlatforms) = preSolution
		Debug|Any CPU = Debug|Any CPU
		Release|Any CPU = Release|Any CPU
	EndGlobalSection
	GlobalSection(ProjectConfigurationPlatforms) = postSolution
		{AA45ADBF-D8E9-722E-0582-B6A8D19ABF8B}.Debug|Any CPU.ActiveCfg = Debug|Any CPU
		{AA45ADBF-D8E9-722E-0582-B6A8D19ABF8B}.Debug|Any CPU.Build.0 = Debug|Any CPU
		{AA45ADBF-D8E9-722E-0582-B6A8D19ABF8B}.Release|Any CPU.ActiveCfg = Release|Any CPU
		{AA45ADBF-D8E9-722E-0582-B6A8D19ABF8B}.Release|Any CPU.Build.0 = Release|Any CPU
		{1178D2E8-6929-477B-B6B0-A9F975FFC270}.Debug|Any CPU.ActiveCfg = Debug|Any CPU
		{1178D2E8-6929-477B-B6B0-A9F975FFC270}.Debug|Any CPU.Build.0 = Debug|Any CPU
		{1178D2E8-6929-477B-B6B0-A9F975FFC270}.Release|Any CPU.ActiveCfg = Release|Any CPU
		{1178D2E8-6929-477B-B6B0-A9F975FFC270}.Release|Any CPU.Build.0 = Release|Any CPU
	EndGlobalSection
	GlobalSection(SolutionProperties) = preSolution
		HideSolutionNode = FALSE
	EndGlobalSection
EndGlobal
